// !$*UTF8*$!
{
	archiveVersion = 1;
	classes = {
	};
	objectVersion = 50;
	objects = {

/* Begin PBXBuildFile section */
		7964E7CC234C63D5001C7400 /* AppDelegate.swift in Sources */ = {isa = PBXBuildFile; fileRef = 7964E7CB234C63D5001C7400 /* AppDelegate.swift */; };
		7964E7CE234C63D5001C7400 /* SceneDelegate.swift in Sources */ = {isa = PBXBuildFile; fileRef = 7964E7CD234C63D5001C7400 /* SceneDelegate.swift */; };
		7964E7D3234C63D5001C7400 /* Main.storyboard in Resources */ = {isa = PBXBuildFile; fileRef = 7964E7D1234C63D5001C7400 /* Main.storyboard */; };
		7964E7D5234C63D7001C7400 /* Assets.xcassets in Resources */ = {isa = PBXBuildFile; fileRef = 7964E7D4234C63D7001C7400 /* Assets.xcassets */; };
		7964E7D8234C63D7001C7400 /* LaunchScreen.storyboard in Resources */ = {isa = PBXBuildFile; fileRef = 7964E7D6234C63D7001C7400 /* LaunchScreen.storyboard */; };
		7964E7E0234C6B5E001C7400 /* TodoListViewController.swift in Sources */ = {isa = PBXBuildFile; fileRef = 7964E7DF234C6B5E001C7400 /* TodoListViewController.swift */; };
		799A4F8723AC811200EF0C64 /* Category_ViewController.swift in Sources */ = {isa = PBXBuildFile; fileRef = 799A4F8623AC811200EF0C64 /* Category_ViewController.swift */; };
		79A5326923A525560008D616 /* DataModel.xcdatamodeld in Sources */ = {isa = PBXBuildFile; fileRef = 79A5326723A525550008D616 /* DataModel.xcdatamodeld */; };
		7D0ECC74565E88E8FB0C18CF /* Pods_Todeey.framework in Frameworks */ = {isa = PBXBuildFile; fileRef = 19BE777DE874619AB67478E5 /* Pods_Todeey.framework */; };
/* End PBXBuildFile section */

/* Begin PBXFileReference section */
		19BE777DE874619AB67478E5 /* Pods_Todeey.framework */ = {isa = PBXFileReference; explicitFileType = wrapper.framework; includeInIndex = 0; path = Pods_Todeey.framework; sourceTree = BUILT_PRODUCTS_DIR; };
		7964E7C8234C63D5001C7400 /* Todeey.app */ = {isa = PBXFileReference; explicitFileType = wrapper.application; includeInIndex = 0; path = Todeey.app; sourceTree = BUILT_PRODUCTS_DIR; };
		7964E7CB234C63D5001C7400 /* AppDelegate.swift */ = {isa = PBXFileReference; lastKnownFileType = sourcecode.swift; path = AppDelegate.swift; sourceTree = "<group>"; };
		7964E7CD234C63D5001C7400 /* SceneDelegate.swift */ = {isa = PBXFileReference; lastKnownFileType = sourcecode.swift; path = SceneDelegate.swift; sourceTree = "<group>"; };
		7964E7D2234C63D5001C7400 /* Base */ = {isa = PBXFileReference; lastKnownFileType = file.storyboard; name = Base; path = Base.lproj/Main.storyboard; sourceTree = "<group>"; };
		7964E7D4234C63D7001C7400 /* Assets.xcassets */ = {isa = PBXFileReference; lastKnownFileType = folder.assetcatalog; path = Assets.xcassets; sourceTree = "<group>"; };
		7964E7D7234C63D7001C7400 /* Base */ = {isa = PBXFileReference; lastKnownFileType = file.storyboard; name = Base; path = Base.lproj/LaunchScreen.storyboard; sourceTree = "<group>"; };
		7964E7D9234C63D7001C7400 /* Info.plist */ = {isa = PBXFileReference; lastKnownFileType = text.plist.xml; path = Info.plist; sourceTree = "<group>"; };
		7964E7DF234C6B5E001C7400 /* TodoListViewController.swift */ = {isa = PBXFileReference; lastKnownFileType = sourcecode.swift; path = TodoListViewController.swift; sourceTree = "<group>"; };
		799A4F8623AC811200EF0C64 /* Category_ViewController.swift */ = {isa = PBXFileReference; lastKnownFileType = sourcecode.swift; path = Category_ViewController.swift; sourceTree = "<group>"; };
		79A5326823A525550008D616 /* DataModel.xcdatamodel */ = {isa = PBXFileReference; lastKnownFileType = wrapper.xcdatamodel; path = DataModel.xcdatamodel; sourceTree = "<group>"; };
		7DDAC642758AB198D65C728F /* Pods-Todeey.debug.xcconfig */ = {isa = PBXFileReference; includeInIndex = 1; lastKnownFileType = text.xcconfig; name = "Pods-Todeey.debug.xcconfig"; path = "Target Support Files/Pods-Todeey/Pods-Todeey.debug.xcconfig"; sourceTree = "<group>"; };
		D3CC0FCB96D71FB004550BDF /* Pods-Todeey.release.xcconfig */ = {isa = PBXFileReference; includeInIndex = 1; lastKnownFileType = text.xcconfig; name = "Pods-Todeey.release.xcconfig"; path = "Target Support Files/Pods-Todeey/Pods-Todeey.release.xcconfig"; sourceTree = "<group>"; };
/* End PBXFileReference section */

/* Begin PBXFrameworksBuildPhase section */
		7964E7C5234C63D5001C7400 /* Frameworks */ = {
			isa = PBXFrameworksBuildPhase;
			buildActionMask = 2147483647;
			files = (
				7D0ECC74565E88E8FB0C18CF /* Pods_Todeey.framework in Frameworks */,
			);
			runOnlyForDeploymentPostprocessing = 0;
		};
/* End PBXFrameworksBuildPhase section */

/* Begin PBXGroup section */
		62E2593C106F919B283C6BC3 /* Frameworks */ = {
			isa = PBXGroup;
			children = (
				19BE777DE874619AB67478E5 /* Pods_Todeey.framework */,
			);
			name = Frameworks;
			sourceTree = "<group>";
		};
		79624AB0234FB4AA00411F85 /* Data Model */ = {
			isa = PBXGroup;
			children = (
				79A5326723A525550008D616 /* DataModel.xcdatamodeld */,
			);
			path = "Data Model";
			sourceTree = "<group>";
		};
		79624AB1234FB4C200411F85 /* Controllers */ = {
			isa = PBXGroup;
			children = (
				799A4F8623AC811200EF0C64 /* Category_ViewController.swift */,
				7964E7DF234C6B5E001C7400 /* TodoListViewController.swift */,
			);
			path = Controllers;
			sourceTree = "<group>";
		};
		79624AB2234FB4D300411F85 /* Views */ = {
			isa = PBXGroup;
			children = (
				7964E7D1234C63D5001C7400 /* Main.storyboard */,
			);
			path = Views;
			sourceTree = "<group>";
		};
		79624AB3234FB50200411F85 /* Supporting Files */ = {
			isa = PBXGroup;
			children = (
				7964E7D6234C63D7001C7400 /* LaunchScreen.storyboard */,
				7964E7D4234C63D7001C7400 /* Assets.xcassets */,
			);
			path = "Supporting Files";
			sourceTree = "<group>";
		};
		7964E7BF234C63D5001C7400 = {
			isa = PBXGroup;
			children = (
				7964E7CA234C63D5001C7400 /* Todeey */,
				7964E7C9234C63D5001C7400 /* Products */,
				B24350488256ED457C74F000 /* Pods */,
				62E2593C106F919B283C6BC3 /* Frameworks */,
			);
			sourceTree = "<group>";
		};
		7964E7C9234C63D5001C7400 /* Products */ = {
			isa = PBXGroup;
			children = (
				7964E7C8234C63D5001C7400 /* Todeey.app */,
			);
			name = Products;
			sourceTree = "<group>";
		};
		7964E7CA234C63D5001C7400 /* Todeey */ = {
			isa = PBXGroup;
			children = (
				7964E7CB234C63D5001C7400 /* AppDelegate.swift */,
				79624AB0234FB4AA00411F85 /* Data Model */,
				79624AB1234FB4C200411F85 /* Controllers */,
				79624AB2234FB4D300411F85 /* Views */,
				7964E7CD234C63D5001C7400 /* SceneDelegate.swift */,
				79624AB3234FB50200411F85 /* Supporting Files */,
				7964E7D9234C63D7001C7400 /* Info.plist */,
			);
			path = Todeey;
			sourceTree = "<group>";
		};
		B24350488256ED457C74F000 /* Pods */ = {
			isa = PBXGroup;
			children = (
				7DDAC642758AB198D65C728F /* Pods-Todeey.debug.xcconfig */,
				D3CC0FCB96D71FB004550BDF /* Pods-Todeey.release.xcconfig */,
			);
			name = Pods;
			path = Pods;
			sourceTree = "<group>";
		};
/* End PBXGroup section */

/* Begin PBXNativeTarget section */
		7964E7C7234C63D5001C7400 /* Todeey */ = {
			isa = PBXNativeTarget;
			buildConfigurationList = 7964E7DC234C63D7001C7400 /* Build configuration list for PBXNativeTarget "Todeey" */;
			buildPhases = (
				456DAF08F4B4F559250611FC /* [CP] Check Pods Manifest.lock */,
				7964E7C4234C63D5001C7400 /* Sources */,
				7964E7C5234C63D5001C7400 /* Frameworks */,
				7964E7C6234C63D5001C7400 /* Resources */,
				1B7959B97C35EF9940758E77 /* [CP] Embed Pods Frameworks */,
			);
			buildRules = (
			);
			dependencies = (
			);
			name = Todeey;
			productName = Todeey;
			productReference = 7964E7C8234C63D5001C7400 /* Todeey.app */;
			productType = "com.apple.product-type.application";
		};
/* End PBXNativeTarget section */

/* Begin PBXProject section */
		7964E7C0234C63D5001C7400 /* Project object */ = {
			isa = PBXProject;
			attributes = {
				LastSwiftUpdateCheck = 1100;
				LastUpgradeCheck = 1100;
				ORGANIZATIONNAME = sarmaxsri;
				TargetAttributes = {
					7964E7C7234C63D5001C7400 = {
						CreatedOnToolsVersion = 11.0;
					};
				};
			};
			buildConfigurationList = 7964E7C3234C63D5001C7400 /* Build configuration list for PBXProject "Todeey" */;
			compatibilityVersion = "Xcode 9.3";
			developmentRegion = en;
			hasScannedForEncodings = 0;
			knownRegions = (
				en,
				Base,
			);
			mainGroup = 7964E7BF234C63D5001C7400;
			productRefGroup = 7964E7C9234C63D5001C7400 /* Products */;
			projectDirPath = "";
			projectRoot = "";
			targets = (
				7964E7C7234C63D5001C7400 /* Todeey */,
			);
		};
/* End PBXProject section */

/* Begin PBXResourcesBuildPhase section */
		7964E7C6234C63D5001C7400 /* Resources */ = {
			isa = PBXResourcesBuildPhase;
			buildActionMask = 2147483647;
			files = (
				7964E7D8234C63D7001C7400 /* LaunchScreen.storyboard in Resources */,
				7964E7D5234C63D7001C7400 /* Assets.xcassets in Resources */,
				7964E7D3234C63D5001C7400 /* Main.storyboard in Resources */,
			);
			runOnlyForDeploymentPostprocessing = 0;
		};
/* End PBXResourcesBuildPhase section */

/* Begin PBXShellScriptBuildPhase section */
		1B7959B97C35EF9940758E77 /* [CP] Embed Pods Frameworks */ = {
			isa = PBXShellScriptBuildPhase;
			buildActionMask = 2147483647;
			files = (
			);
			inputFileListPaths = (
				"${PODS_ROOT}/Target Support Files/Pods-Todeey/Pods-Todeey-frameworks-${CONFIGURATION}-input-files.xcfilelist",
			);
			name = "[CP] Embed Pods Frameworks";
			outputFileListPaths = (
				"${PODS_ROOT}/Target Support Files/Pods-Todeey/Pods-Todeey-frameworks-${CONFIGURATION}-output-files.xcfilelist",
			);
			runOnlyForDeploymentPostprocessing = 0;
			shellPath = /bin/sh;
			shellScript = "\"${PODS_ROOT}/Target Support Files/Pods-Todeey/Pods-Todeey-frameworks.sh\"\n";
			showEnvVarsInLog = 0;
		};
		456DAF08F4B4F559250611FC /* [CP] Check Pods Manifest.lock */ = {
			isa = PBXShellScriptBuildPhase;
			buildActionMask = 2147483647;
			files = (
			);
			inputFileListPaths = (
			);
			inputPaths = (
				"${PODS_PODFILE_DIR_PATH}/Podfile.lock",
				"${PODS_ROOT}/Manifest.lock",
			);
			name = "[CP] Check Pods Manifest.lock";
			outputFileListPaths = (
			);
			outputPaths = (
				"$(DERIVED_FILE_DIR)/Pods-Todeey-checkManifestLockResult.txt",
			);
			runOnlyForDeploymentPostprocessing = 0;
			shellPath = /bin/sh;
			shellScript = "diff \"${PODS_PODFILE_DIR_PATH}/Podfile.lock\" \"${PODS_ROOT}/Manifest.lock\" > /dev/null\nif [ $? != 0 ] ; then\n    # print error to STDERR\n    echo \"error: The sandbox is not in sync with the Podfile.lock. Run 'pod install' or update your CocoaPods installation.\" >&2\n    exit 1\nfi\n# This output is used by Xcode 'outputs' to avoid re-running this script phase.\necho \"SUCCESS\" > \"${SCRIPT_OUTPUT_FILE_0}\"\n";
			showEnvVarsInLog = 0;
		};
/* End PBXShellScriptBuildPhase section */

/* Begin PBXSourcesBuildPhase section */
		7964E7C4234C63D5001C7400 /* Sources */ = {
			isa = PBXSourcesBuildPhase;
			buildActionMask = 2147483647;
			files = (
				79A5326923A525560008D616 /* DataModel.xcdatamodeld in Sources */,
				799A4F8723AC811200EF0C64 /* Category_ViewController.swift in Sources */,
				7964E7E0234C6B5E001C7400 /* TodoListViewController.swift in Sources */,
				7964E7CC234C63D5001C7400 /* AppDelegate.swift in Sources */,
				7964E7CE234C63D5001C7400 /* SceneDelegate.swift in Sources */,
			);
			runOnlyForDeploymentPostprocessing = 0;
		};
/* End PBXSourcesBuildPhase section */

/* Begin PBXVariantGroup section */
		7964E7D1234C63D5001C7400 /* Main.storyboard */ = {
			isa = PBXVariantGroup;
			children = (
				7964E7D2234C63D5001C7400 /* Base */,
			);
			name = Main.storyboard;
			sourceTree = "<group>";
		};
		7964E7D6234C63D7001C7400 /* LaunchScreen.storyboard */ = {
			isa = PBXVariantGroup;
			children = (
				7964E7D7234C63D7001C7400 /* Base */,
			);
			name = LaunchScreen.storyboard;
			sourceTree = "<group>";
		};
/* End PBXVariantGroup section */

/* Begin XCBuildConfiguration section */
		7964E7DA234C63D7001C7400 /* Debug */ = {
			isa = XCBuildConfiguration;
			buildSettings = {
				ALWAYS_SEARCH_USER_PATHS = NO;
				CLANG_ANALYZER_NONNULL = YES;
				CLANG_ANALYZER_NUMBER_OBJECT_CONVERSION = YES_AGGRESSIVE;
				CLANG_CXX_LANGUAGE_STANDARD = "gnu++14";
				CLANG_CXX_LIBRARY = "libc++";
				CLANG_ENABLE_MODULES = YES;
				CLANG_ENABLE_OBJC_ARC = YES;
				CLANG_ENABLE_OBJC_WEAK = YES;
				CLANG_WARN_BLOCK_CAPTURE_AUTORELEASING = YES;
				CLANG_WARN_BOOL_CONVERSION = YES;
				CLANG_WARN_COMMA = YES;
				CLANG_WARN_CONSTANT_CONVERSION = YES;
				CLANG_WARN_DEPRECATED_OBJC_IMPLEMENTATIONS = YES;
				CLANG_WARN_DIRECT_OBJC_ISA_USAGE = YES_ERROR;
				CLANG_WARN_DOCUMENTATION_COMMENTS = YES;
				CLANG_WARN_EMPTY_BODY = YES;
				CLANG_WARN_ENUM_CONVERSION = YES;
				CLANG_WARN_INFINITE_RECURSION = YES;
				CLANG_WARN_INT_CONVERSION = YES;
				CLANG_WARN_NON_LITERAL_NULL_CONVERSION = YES;
				CLANG_WARN_OBJC_IMPLICIT_RETAIN_SELF = YES;
				CLANG_WARN_OBJC_LITERAL_CONVERSION = YES;
				CLANG_WARN_OBJC_ROOT_CLASS = YES_ERROR;
				CLANG_WARN_RANGE_LOOP_ANALYSIS = YES;
				CLANG_WARN_STRICT_PROTOTYPES = YES;
				CLANG_WARN_SUSPICIOUS_MOVE = YES;
				CLANG_WARN_UNGUARDED_AVAILABILITY = YES_AGGRESSIVE;
				CLANG_WARN_UNREACHABLE_CODE = YES;
				CLANG_WARN__DUPLICATE_METHOD_MATCH = YES;
				COPY_PHASE_STRIP = NO;
				DEBUG_INFORMATION_FORMAT = dwarf;
				ENABLE_STRICT_OBJC_MSGSEND = YES;
				ENABLE_TESTABILITY = YES;
				GCC_C_LANGUAGE_STANDARD = gnu11;
				GCC_DYNAMIC_NO_PIC = NO;
				GCC_NO_COMMON_BLOCKS = YES;
				GCC_OPTIMIZATION_LEVEL = 0;
				GCC_PREPROCESSOR_DEFINITIONS = (
					"DEBUG=1",
					"$(inherited)",
				);
				GCC_WARN_64_TO_32_BIT_CONVERSION = YES;
				GCC_WARN_ABOUT_RETURN_TYPE = YES_ERROR;
				GCC_WARN_UNDECLARED_SELECTOR = YES;
				GCC_WARN_UNINITIALIZED_AUTOS = YES_AGGRESSIVE;
				GCC_WARN_UNUSED_FUNCTION = YES;
				GCC_WARN_UNUSED_VARIABLE = YES;
				IPHONEOS_DEPLOYMENT_TARGET = 13.0;
				MTL_ENABLE_DEBUG_INFO = INCLUDE_SOURCE;
				MTL_FAST_MATH = YES;
				ONLY_ACTIVE_ARCH = YES;
				SDKROOT = iphoneos;
				SWIFT_ACTIVE_COMPILATION_CONDITIONS = DEBUG;
				SWIFT_OPTIMIZATION_LEVEL = "-Onone";
			};
			name = Debug;
		};
		7964E7DB234C63D7001C7400 /* Release */ = {
			isa = XCBuildConfiguration;
			buildSettings = {
				ALWAYS_SEARCH_USER_PATHS = NO;
				CLANG_ANALYZER_NONNULL = YES;
				CLANG_ANALYZER_NUMBER_OBJECT_CONVERSION = YES_AGGRESSIVE;
				CLANG_CXX_LANGUAGE_STANDARD = "gnu++14";
				CLANG_CXX_LIBRARY = "libc++";
				CLANG_ENABLE_MODULES = YES;
				CLANG_ENABLE_OBJC_ARC = YES;
				CLANG_ENABLE_OBJC_WEAK = YES;
				CLANG_WARN_BLOCK_CAPTURE_AUTORELEASING = YES;
				CLANG_WARN_BOOL_CONVERSION = YES;
				CLANG_WARN_COMMA = YES;
				CLANG_WARN_CONSTANT_CONVERSION = YES;
				CLANG_WARN_DEPRECATED_OBJC_IMPLEMENTATIONS = YES;
				CLANG_WARN_DIRECT_OBJC_ISA_USAGE = YES_ERROR;
				CLANG_WARN_DOCUMENTATION_COMMENTS = YES;
				CLANG_WARN_EMPTY_BODY = YES;
				CLANG_WARN_ENUM_CONVERSION = YES;
				CLANG_WARN_INFINITE_RECURSION = YES;
				CLANG_WARN_INT_CONVERSION = YES;
				CLANG_WARN_NON_LITERAL_NULL_CONVERSION = YES;
				CLANG_WARN_OBJC_IMPLICIT_RETAIN_SELF = YES;
				CLANG_WARN_OBJC_LITERAL_CONVERSION = YES;
				CLANG_WARN_OBJC_ROOT_CLASS = YES_ERROR;
				CLANG_WARN_RANGE_LOOP_ANALYSIS = YES;
				CLANG_WARN_STRICT_PROTOTYPES = YES;
				CLANG_WARN_SUSPICIOUS_MOVE = YES;
				CLANG_WARN_UNGUARDED_AVAILABILITY = YES_AGGRESSIVE;
				CLANG_WARN_UNREACHABLE_CODE = YES;
				CLANG_WARN__DUPLICATE_METHOD_MATCH = YES;
				COPY_PHASE_STRIP = NO;
				DEBUG_INFORMATION_FORMAT = "dwarf-with-dsym";
				ENABLE_NS_ASSERTIONS = NO;
				ENABLE_STRICT_OBJC_MSGSEND = YES;
				GCC_C_LANGUAGE_STANDARD = gnu11;
				GCC_NO_COMMON_BLOCKS = YES;
				GCC_WARN_64_TO_32_BIT_CONVERSION = YES;
				GCC_WARN_ABOUT_RETURN_TYPE = YES_ERROR;
				GCC_WARN_UNDECLARED_SELECTOR = YES;
				GCC_WARN_UNINITIALIZED_AUTOS = YES_AGGRESSIVE;
				GCC_WARN_UNUSED_FUNCTION = YES;
				GCC_WARN_UNUSED_VARIABLE = YES;
				IPHONEOS_DEPLOYMENT_TARGET = 13.0;
				MTL_ENABLE_DEBUG_INFO = NO;
				MTL_FAST_MATH = YES;
				SDKROOT = iphoneos;
				SWIFT_COMPILATION_MODE = wholemodule;
				SWIFT_OPTIMIZATION_LEVEL = "-O";
				VALIDATE_PRODUCT = YES;
			};
			name = Release;
		};
		7964E7DD234C63D7001C7400 /* Debug */ = {
			isa = XCBuildConfiguration;
			baseConfigurationReference = 7DDAC642758AB198D65C728F /* Pods-Todeey.debug.xcconfig */;
			buildSettings = {
				ASSETCATALOG_COMPILER_APPICON_NAME = AppIcon;
				CODE_SIGN_STYLE = Automatic;
				INFOPLIST_FILE = Todeey/Info.plist;
				LD_RUNPATH_SEARCH_PATHS = (
					"$(inherited)",
					"@executable_path/Frameworks",
				);
				PRODUCT_BUNDLE_IDENTIFIER = com.sarmaxsri.Todeey;
				PRODUCT_NAME = "$(TARGET_NAME)";
				SWIFT_VERSION = 5.0;
				TARGETED_DEVICE_FAMILY = 1;
			};
			name = Debug;
		};
		7964E7DE234C63D7001C7400 /* Release */ = {
			isa = XCBuildConfiguration;
			baseConfigurationReference = D3CC0FCB96D71FB004550BDF /* Pods-Todeey.release.xcconfig */;
			buildSettings = {
				ASSETCATALOG_COMPILER_APPICON_NAME = AppIcon;
				CODE_SIGN_STYLE = Automatic;
				INFOPLIST_FILE = Todeey/Info.plist;
				LD_RUNPATH_SEARCH_PATHS = (
					"$(inherited)",
					"@executable_path/Frameworks",
				);
				PRODUCT_BUNDLE_IDENTIFIER = com.sarmaxsri.Todeey;
				PRODUCT_NAME = "$(TARGET_NAME)";
				SWIFT_VERSION = 5.0;
				TARGETED_DEVICE_FAMILY = 1;
			};
			name = Release;
		};
/* End XCBuildConfiguration section */

/* Begin XCConfigurationList section */
		7964E7C3234C63D5001C7400 /* Build configuration list for PBXProject "Todeey" */ = {
			isa = XCConfigurationList;
			buildConfigurations = (
				7964E7DA234C63D7001C7400 /* Debug */,
				7964E7DB234C63D7001C7400 /* Release */,
			);
			defaultConfigurationIsVisible = 0;
			defaultConfigurationName = Release;
		};
		7964E7DC234C63D7001C7400 /* Build configuration list for PBXNativeTarget "Todeey" */ = {
			isa = XCConfigurationList;
			buildConfigurations = (
				7964E7DD234C63D7001C7400 /* Debug */,
				7964E7DE234C63D7001C7400 /* Release */,
			);
			defaultConfigurationIsVisible = 0;
			defaultConfigurationName = Release;
		};
/* End XCConfigurationList section */

/* Begin XCVersionGroup section */
		79A5326723A525550008D616 /* DataModel.xcdatamodeld */ = {
			isa = XCVersionGroup;
			children = (
				79A5326823A525550008D616 /* DataModel.xcdatamodel */,
			);
			currentVersion = 79A5326823A525550008D616 /* DataModel.xcdatamodel */;
			path = DataModel.xcdatamodeld;
			sourceTree = "<group>";
			versionGroupType = wrapper.xcdatamodel;
		};
/* End XCVersionGroup section */
	};
	rootObject = 7964E7C0234C63D5001C7400 /* Project object */;
}
